PODS:
  - JWCTableViewController (0.5.3)

DEPENDENCIES:
  - JWCTableViewController (from `../`)

EXTERNAL SOURCES:
  JWCTableViewController:
    :path: "../"

SPEC CHECKSUMS:
  JWCTableViewController: 9ee02770722b1327f04bcef56e8c88bbf9b1d839

PODFILE CHECKSUM: 8ab98d11f4bbc629a87cc434bde7a9603eacd90a

COCOAPODS: 1.5.3
